// !$*UTF8*$!
{
	archiveVersion = 1;
	classes = {
	};
	objectVersion = 50;
	objects = {

/* Begin PBXBuildFile section */
		5C9254A3242F198E00DF1EC7 /* AppDelegate.swift in Sources */ = {isa = PBXBuildFile; fileRef = 5C9254A2242F198E00DF1EC7 /* AppDelegate.swift */; };
		5C9254AC242F199300DF1EC7 /* Assets.xcassets in Resources */ = {isa = PBXBuildFile; fileRef = 5C9254AB242F199300DF1EC7 /* Assets.xcassets */; };
		5C9254AF242F199300DF1EC7 /* LaunchScreen.storyboard in Resources */ = {isa = PBXBuildFile; fileRef = 5C9254AD242F199300DF1EC7 /* LaunchScreen.storyboard */; };
		5C9254B8242F1A5E00DF1EC7 /* FriendListViewController.swift in Sources */ = {isa = PBXBuildFile; fileRef = 5C9254B7242F1A5E00DF1EC7 /* FriendListViewController.swift */; };
		5C9254BA242F1C5C00DF1EC7 /* AuthViewController.swift in Sources */ = {isa = PBXBuildFile; fileRef = 5C9254B9242F1C5C00DF1EC7 /* AuthViewController.swift */; };
		5C9254BC242F25DF00DF1EC7 /* StartViewController.swift in Sources */ = {isa = PBXBuildFile; fileRef = 5C9254BB242F25DF00DF1EC7 /* StartViewController.swift */; };
		5CA15902242F442800148CA7 /* DataFetcher.swift in Sources */ = {isa = PBXBuildFile; fileRef = 5CA15901242F442800148CA7 /* DataFetcher.swift */; };
		5CA15904242F44C000148CA7 /* Api.swift in Sources */ = {isa = PBXBuildFile; fileRef = 5CA15903242F44C000148CA7 /* Api.swift */; };
		5CA15906242F504200148CA7 /* FriendsResponseWrapped.swift in Sources */ = {isa = PBXBuildFile; fileRef = 5CA15905242F504200148CA7 /* FriendsResponseWrapped.swift */; };
		5CBDEEB0242F5BC3001ED8E1 /* UserResponse.swift in Sources */ = {isa = PBXBuildFile; fileRef = 5CBDEEAF242F5BC3001ED8E1 /* UserResponse.swift */; };
		5CBDEEB5242F744D001ED8E1 /* FriendsView.swift in Sources */ = {isa = PBXBuildFile; fileRef = 5CBDEEB4242F744D001ED8E1 /* FriendsView.swift */; };
/* End PBXBuildFile section */

/* Begin PBXFileReference section */
		5C92549F242F198E00DF1EC7 /* VKFriends.app */ = {isa = PBXFileReference; explicitFileType = wrapper.application; includeInIndex = 0; path = VKFriends.app; sourceTree = BUILT_PRODUCTS_DIR; };
		5C9254A2242F198E00DF1EC7 /* AppDelegate.swift */ = {isa = PBXFileReference; lastKnownFileType = sourcecode.swift; path = AppDelegate.swift; sourceTree = "<group>"; };
		5C9254AB242F199300DF1EC7 /* Assets.xcassets */ = {isa = PBXFileReference; lastKnownFileType = folder.assetcatalog; path = Assets.xcassets; sourceTree = "<group>"; };
		5C9254AE242F199300DF1EC7 /* Base */ = {isa = PBXFileReference; lastKnownFileType = file.storyboard; name = Base; path = Base.lproj/LaunchScreen.storyboard; sourceTree = "<group>"; };
		5C9254B0242F199300DF1EC7 /* Info.plist */ = {isa = PBXFileReference; lastKnownFileType = text.plist.xml; path = Info.plist; sourceTree = "<group>"; };
		5C9254B7242F1A5E00DF1EC7 /* FriendListViewController.swift */ = {isa = PBXFileReference; lastKnownFileType = sourcecode.swift; path = FriendListViewController.swift; sourceTree = "<group>"; };
		5C9254B9242F1C5C00DF1EC7 /* AuthViewController.swift */ = {isa = PBXFileReference; lastKnownFileType = sourcecode.swift; path = AuthViewController.swift; sourceTree = "<group>"; };
		5C9254BB242F25DF00DF1EC7 /* StartViewController.swift */ = {isa = PBXFileReference; lastKnownFileType = sourcecode.swift; path = StartViewController.swift; sourceTree = "<group>"; };
		5CA15901242F442800148CA7 /* DataFetcher.swift */ = {isa = PBXFileReference; lastKnownFileType = sourcecode.swift; path = DataFetcher.swift; sourceTree = "<group>"; };
		5CA15903242F44C000148CA7 /* Api.swift */ = {isa = PBXFileReference; lastKnownFileType = sourcecode.swift; path = Api.swift; sourceTree = "<group>"; };
		5CA15905242F504200148CA7 /* FriendsResponseWrapped.swift */ = {isa = PBXFileReference; lastKnownFileType = sourcecode.swift; path = FriendsResponseWrapped.swift; sourceTree = "<group>"; };
		5CBDEEAF242F5BC3001ED8E1 /* UserResponse.swift */ = {isa = PBXFileReference; lastKnownFileType = sourcecode.swift; path = UserResponse.swift; sourceTree = "<group>"; };
		5CBDEEB4242F744D001ED8E1 /* FriendsView.swift */ = {isa = PBXFileReference; lastKnownFileType = sourcecode.swift; path = FriendsView.swift; sourceTree = "<group>"; };
/* End PBXFileReference section */

/* Begin PBXFrameworksBuildPhase section */
		5C92549C242F198E00DF1EC7 /* Frameworks */ = {
			isa = PBXFrameworksBuildPhase;
			buildActionMask = 2147483647;
			files = (
			);
			runOnlyForDeploymentPostprocessing = 0;
		};
/* End PBXFrameworksBuildPhase section */

/* Begin PBXGroup section */
		5C925496242F198E00DF1EC7 = {
			isa = PBXGroup;
			children = (
				5C9254A1242F198E00DF1EC7 /* VKFriends */,
				5C9254A0242F198E00DF1EC7 /* Products */,
			);
			sourceTree = "<group>";
		};
		5C9254A0242F198E00DF1EC7 /* Products */ = {
			isa = PBXGroup;
			children = (
				5C92549F242F198E00DF1EC7 /* VKFriends.app */,
			);
			name = Products;
			sourceTree = "<group>";
		};
		5C9254A1242F198E00DF1EC7 /* VKFriends */ = {
			isa = PBXGroup;
			children = (
				5C9254BD242F286200DF1EC7 /* Application */,
				5CBDEEB1242F66FD001ED8E1 /* ViewControllers */,
				5CBDEEB2242F6712001ED8E1 /* Networking */,
				5CBDEEB3242F6751001ED8E1 /* Models */,
				5C9254B6242F19CD00DF1EC7 /* SupportingsFiles */,
			);
			path = VKFriends;
			sourceTree = "<group>";
		};
		5C9254B6242F19CD00DF1EC7 /* SupportingsFiles */ = {
			isa = PBXGroup;
			children = (
				5C9254AB242F199300DF1EC7 /* Assets.xcassets */,
				5C9254AD242F199300DF1EC7 /* LaunchScreen.storyboard */,
				5C9254B0242F199300DF1EC7 /* Info.plist */,
			);
			path = SupportingsFiles;
			sourceTree = "<group>";
		};
		5C9254BD242F286200DF1EC7 /* Application */ = {
			isa = PBXGroup;
			children = (
				5C9254A2242F198E00DF1EC7 /* AppDelegate.swift */,
			);
			path = Application;
			sourceTree = "<group>";
		};
		5CBDEEB1242F66FD001ED8E1 /* ViewControllers */ = {
			isa = PBXGroup;
			children = (
				5CBDEEB6242F7455001ED8E1 /* Views */,
				5C9254BB242F25DF00DF1EC7 /* StartViewController.swift */,
				5C9254B7242F1A5E00DF1EC7 /* FriendListViewController.swift */,
				5C9254B9242F1C5C00DF1EC7 /* AuthViewController.swift */,
			);
			path = ViewControllers;
			sourceTree = "<group>";
		};
		5CBDEEB2242F6712001ED8E1 /* Networking */ = {
			isa = PBXGroup;
			children = (
				5CA15901242F442800148CA7 /* DataFetcher.swift */,
				5CA15903242F44C000148CA7 /* Api.swift */,
			);
			path = Networking;
			sourceTree = "<group>";
		};
		5CBDEEB3242F6751001ED8E1 /* Models */ = {
			isa = PBXGroup;
			children = (
				5CA15905242F504200148CA7 /* FriendsResponseWrapped.swift */,
				5CBDEEAF242F5BC3001ED8E1 /* UserResponse.swift */,
			);
			path = Models;
			sourceTree = "<group>";
		};
		5CBDEEB6242F7455001ED8E1 /* Views */ = {
			isa = PBXGroup;
			children = (
				5CBDEEB4242F744D001ED8E1 /* FriendsView.swift */,
			);
			path = Views;
			sourceTree = "<group>";
		};
/* End PBXGroup section */

/* Begin PBXNativeTarget section */
		5C92549E242F198E00DF1EC7 /* VKFriends */ = {
			isa = PBXNativeTarget;
			buildConfigurationList = 5C9254B3242F199300DF1EC7 /* Build configuration list for PBXNativeTarget "VKFriends" */;
			buildPhases = (
				5C92549B242F198E00DF1EC7 /* Sources */,
				5C92549C242F198E00DF1EC7 /* Frameworks */,
				5C92549D242F198E00DF1EC7 /* Resources */,
			);
			buildRules = (
			);
			dependencies = (
			);
			name = VKFriends;
			productName = VKFriends;
			productReference = 5C92549F242F198E00DF1EC7 /* VKFriends.app */;
			productType = "com.apple.product-type.application";
		};
/* End PBXNativeTarget section */

/* Begin PBXProject section */
		5C925497242F198E00DF1EC7 /* Project object */ = {
			isa = PBXProject;
			attributes = {
				LastSwiftUpdateCheck = 1130;
				LastUpgradeCheck = 1130;
				ORGANIZATIONNAME = "Kirill Fedorov";
				TargetAttributes = {
					5C92549E242F198E00DF1EC7 = {
						CreatedOnToolsVersion = 11.3.1;
					};
				};
			};
			buildConfigurationList = 5C92549A242F198E00DF1EC7 /* Build configuration list for PBXProject "VKFriends" */;
			compatibilityVersion = "Xcode 9.3";
			developmentRegion = en;
			hasScannedForEncodings = 0;
			knownRegions = (
				en,
				Base,
			);
			mainGroup = 5C925496242F198E00DF1EC7;
			productRefGroup = 5C9254A0242F198E00DF1EC7 /* Products */;
			projectDirPath = "";
			projectRoot = "";
			targets = (
				5C92549E242F198E00DF1EC7 /* VKFriends */,
			);
		};
/* End PBXProject section */

/* Begin PBXResourcesBuildPhase section */
		5C92549D242F198E00DF1EC7 /* Resources */ = {
			isa = PBXResourcesBuildPhase;
			buildActionMask = 2147483647;
			files = (
				5C9254AF242F199300DF1EC7 /* LaunchScreen.storyboard in Resources */,
				5C9254AC242F199300DF1EC7 /* Assets.xcassets in Resources */,
			);
			runOnlyForDeploymentPostprocessing = 0;
		};
/* End PBXResourcesBuildPhase section */

/* Begin PBXSourcesBuildPhase section */
		5C92549B242F198E00DF1EC7 /* Sources */ = {
			isa = PBXSourcesBuildPhase;
			buildActionMask = 2147483647;
			files = (
				5CA15904242F44C000148CA7 /* Api.swift in Sources */,
				5CA15906242F504200148CA7 /* FriendsResponseWrapped.swift in Sources */,
				5CA15902242F442800148CA7 /* DataFetcher.swift in Sources */,
				5CBDEEB0242F5BC3001ED8E1 /* UserResponse.swift in Sources */,
				5C9254B8242F1A5E00DF1EC7 /* FriendListViewController.swift in Sources */,
				5CBDEEB5242F744D001ED8E1 /* FriendsView.swift in Sources */,
				5C9254BA242F1C5C00DF1EC7 /* AuthViewController.swift in Sources */,
				5C9254BC242F25DF00DF1EC7 /* StartViewController.swift in Sources */,
				5C9254A3242F198E00DF1EC7 /* AppDelegate.swift in Sources */,
			);
			runOnlyForDeploymentPostprocessing = 0;
		};
/* End PBXSourcesBuildPhase section */

/* Begin PBXVariantGroup section */
		5C9254AD242F199300DF1EC7 /* LaunchScreen.storyboard */ = {
			isa = PBXVariantGroup;
			children = (
				5C9254AE242F199300DF1EC7 /* Base */,
			);
			name = LaunchScreen.storyboard;
			sourceTree = "<group>";
		};
/* End PBXVariantGroup section */

/* Begin XCBuildConfiguration section */
		5C9254B1242F199300DF1EC7 /* Debug */ = {
			isa = XCBuildConfiguration;
			buildSettings = {
				ALWAYS_SEARCH_USER_PATHS = NO;
				CLANG_ANALYZER_NONNULL = YES;
				CLANG_ANALYZER_NUMBER_OBJECT_CONVERSION = YES_AGGRESSIVE;
				CLANG_CXX_LANGUAGE_STANDARD = "gnu++14";
				CLANG_CXX_LIBRARY = "libc++";
				CLANG_ENABLE_MODULES = YES;
				CLANG_ENABLE_OBJC_ARC = YES;
				CLANG_ENABLE_OBJC_WEAK = YES;
				CLANG_WARN_BLOCK_CAPTURE_AUTORELEASING = YES;
				CLANG_WARN_BOOL_CONVERSION = YES;
				CLANG_WARN_COMMA = YES;
				CLANG_WARN_CONSTANT_CONVERSION = YES;
				CLANG_WARN_DEPRECATED_OBJC_IMPLEMENTATIONS = YES;
				CLANG_WARN_DIRECT_OBJC_ISA_USAGE = YES_ERROR;
				CLANG_WARN_DOCUMENTATION_COMMENTS = YES;
				CLANG_WARN_EMPTY_BODY = YES;
				CLANG_WARN_ENUM_CONVERSION = YES;
				CLANG_WARN_INFINITE_RECURSION = YES;
				CLANG_WARN_INT_CONVERSION = YES;
				CLANG_WARN_NON_LITERAL_NULL_CONVERSION = YES;
				CLANG_WARN_OBJC_IMPLICIT_RETAIN_SELF = YES;
				CLANG_WARN_OBJC_LITERAL_CONVERSION = YES;
				CLANG_WARN_OBJC_ROOT_CLASS = YES_ERROR;
				CLANG_WARN_RANGE_LOOP_ANALYSIS = YES;
				CLANG_WARN_STRICT_PROTOTYPES = YES;
				CLANG_WARN_SUSPICIOUS_MOVE = YES;
				CLANG_WARN_UNGUARDED_AVAILABILITY = YES_AGGRESSIVE;
				CLANG_WARN_UNREACHABLE_CODE = YES;
				CLANG_WARN__DUPLICATE_METHOD_MATCH = YES;
				COPY_PHASE_STRIP = NO;
				DEBUG_INFORMATION_FORMAT = dwarf;
				ENABLE_STRICT_OBJC_MSGSEND = YES;
				ENABLE_TESTABILITY = YES;
				GCC_C_LANGUAGE_STANDARD = gnu11;
				GCC_DYNAMIC_NO_PIC = NO;
				GCC_NO_COMMON_BLOCKS = YES;
				GCC_OPTIMIZATION_LEVEL = 0;
				GCC_PREPROCESSOR_DEFINITIONS = (
					"DEBUG=1",
					"$(inherited)",
				);
				GCC_WARN_64_TO_32_BIT_CONVERSION = YES;
				GCC_WARN_ABOUT_RETURN_TYPE = YES_ERROR;
				GCC_WARN_UNDECLARED_SELECTOR = YES;
				GCC_WARN_UNINITIALIZED_AUTOS = YES_AGGRESSIVE;
				GCC_WARN_UNUSED_FUNCTION = YES;
				GCC_WARN_UNUSED_VARIABLE = YES;
				IPHONEOS_DEPLOYMENT_TARGET = 13.2;
				MTL_ENABLE_DEBUG_INFO = INCLUDE_SOURCE;
				MTL_FAST_MATH = YES;
				ONLY_ACTIVE_ARCH = YES;
				SDKROOT = iphoneos;
				SWIFT_ACTIVE_COMPILATION_CONDITIONS = DEBUG;
				SWIFT_OPTIMIZATION_LEVEL = "-Onone";
			};
			name = Debug;
		};
		5C9254B2242F199300DF1EC7 /* Release */ = {
			isa = XCBuildConfiguration;
			buildSettings = {
				ALWAYS_SEARCH_USER_PATHS = NO;
				CLANG_ANALYZER_NONNULL = YES;
				CLANG_ANALYZER_NUMBER_OBJECT_CONVERSION = YES_AGGRESSIVE;
				CLANG_CXX_LANGUAGE_STANDARD = "gnu++14";
				CLANG_CXX_LIBRARY = "libc++";
				CLANG_ENABLE_MODULES = YES;
				CLANG_ENABLE_OBJC_ARC = YES;
				CLANG_ENABLE_OBJC_WEAK = YES;
				CLANG_WARN_BLOCK_CAPTURE_AUTORELEASING = YES;
				CLANG_WARN_BOOL_CONVERSION = YES;
				CLANG_WARN_COMMA = YES;
				CLANG_WARN_CONSTANT_CONVERSION = YES;
				CLANG_WARN_DEPRECATED_OBJC_IMPLEMENTATIONS = YES;
				CLANG_WARN_DIRECT_OBJC_ISA_USAGE = YES_ERROR;
				CLANG_WARN_DOCUMENTATION_COMMENTS = YES;
				CLANG_WARN_EMPTY_BODY = YES;
				CLANG_WARN_ENUM_CONVERSION = YES;
				CLANG_WARN_INFINITE_RECURSION = YES;
				CLANG_WARN_INT_CONVERSION = YES;
				CLANG_WARN_NON_LITERAL_NULL_CONVERSION = YES;
				CLANG_WARN_OBJC_IMPLICIT_RETAIN_SELF = YES;
				CLANG_WARN_OBJC_LITERAL_CONVERSION = YES;
				CLANG_WARN_OBJC_ROOT_CLASS = YES_ERROR;
				CLANG_WARN_RANGE_LOOP_ANALYSIS = YES;
				CLANG_WARN_STRICT_PROTOTYPES = YES;
				CLANG_WARN_SUSPICIOUS_MOVE = YES;
				CLANG_WARN_UNGUARDED_AVAILABILITY = YES_AGGRESSIVE;
				CLANG_WARN_UNREACHABLE_CODE = YES;
				CLANG_WARN__DUPLICATE_METHOD_MATCH = YES;
				COPY_PHASE_STRIP = NO;
				DEBUG_INFORMATION_FORMAT = "dwarf-with-dsym";
				ENABLE_NS_ASSERTIONS = NO;
				ENABLE_STRICT_OBJC_MSGSEND = YES;
				GCC_C_LANGUAGE_STANDARD = gnu11;
				GCC_NO_COMMON_BLOCKS = YES;
				GCC_WARN_64_TO_32_BIT_CONVERSION = YES;
				GCC_WARN_ABOUT_RETURN_TYPE = YES_ERROR;
				GCC_WARN_UNDECLARED_SELECTOR = YES;
				GCC_WARN_UNINITIALIZED_AUTOS = YES_AGGRESSIVE;
				GCC_WARN_UNUSED_FUNCTION = YES;
				GCC_WARN_UNUSED_VARIABLE = YES;
				IPHONEOS_DEPLOYMENT_TARGET = 13.2;
				MTL_ENABLE_DEBUG_INFO = NO;
				MTL_FAST_MATH = YES;
				SDKROOT = iphoneos;
				SWIFT_COMPILATION_MODE = wholemodule;
				SWIFT_OPTIMIZATION_LEVEL = "-O";
				VALIDATE_PRODUCT = YES;
			};
			name = Release;
		};
		5C9254B4242F199300DF1EC7 /* Debug */ = {
			isa = XCBuildConfiguration;
			buildSettings = {
				ASSETCATALOG_COMPILER_APPICON_NAME = AppIcon;
				CODE_SIGN_STYLE = Automatic;
				DEVELOPMENT_TEAM = 4K2VL2BQJM;
				INFOPLIST_FILE = "$(SRCROOT)/VKFriends/SupportingsFiles/Info.plist";
				IPHONEOS_DEPLOYMENT_TARGET = 13.2;
				LD_RUNPATH_SEARCH_PATHS = (
					"$(inherited)",
					"@executable_path/Frameworks",
				);
				PRODUCT_BUNDLE_IDENTIFIER = "Kirill-Fedorov.VKFriends";
				PRODUCT_NAME = "$(TARGET_NAME)";
				SWIFT_VERSION = 5.0;
				TARGETED_DEVICE_FAMILY = "1,2";
			};
			name = Debug;
		};
		5C9254B5242F199300DF1EC7 /* Release */ = {
			isa = XCBuildConfiguration;
			buildSettings = {
				ASSETCATALOG_COMPILER_APPICON_NAME = AppIcon;
				CODE_SIGN_STYLE = Automatic;
				DEVELOPMENT_TEAM = 4K2VL2BQJM;
				INFOPLIST_FILE = "$(SRCROOT)/VKFriends/SupportingsFiles/Info.plist";
				IPHONEOS_DEPLOYMENT_TARGET = 13.2;
				LD_RUNPATH_SEARCH_PATHS = (
					"$(inherited)",
					"@executable_path/Frameworks",
				);
				PRODUCT_BUNDLE_IDENTIFIER = "Kirill-Fedorov.VKFriends";
				PRODUCT_NAME = "$(TARGET_NAME)";
				SWIFT_VERSION = 5.0;
				TARGETED_DEVICE_FAMILY = "1,2";
			};
			name = Release;
		};
/* End XCBuildConfiguration section */

/* Begin XCConfigurationList section */
		5C92549A242F198E00DF1EC7 /* Build configuration list for PBXProject "VKFriends" */ = {
			isa = XCConfigurationList;
			buildConfigurations = (
				5C9254B1242F199300DF1EC7 /* Debug */,
				5C9254B2242F199300DF1EC7 /* Release */,
			);
			defaultConfigurationIsVisible = 0;
			defaultConfigurationName = Release;
		};
		5C9254B3242F199300DF1EC7 /* Build configuration list for PBXNativeTarget "VKFriends" */ = {
			isa = XCConfigurationList;
			buildConfigurations = (
				5C9254B4242F199300DF1EC7 /* Debug */,
				5C9254B5242F199300DF1EC7 /* Release */,
			);
			defaultConfigurationIsVisible = 0;
			defaultConfigurationName = Release;
		};
/* End XCConfigurationList section */
	};
	rootObject = 5C925497242F198E00DF1EC7 /* Project object */;
}
